
Microsoft Visual Studio Solution File, Format Version 12.00
# Visual Studio Version 17
VisualStudioVersion = 17.8.34525.116
MinimumVisualStudioVersion = 10.0.40219.1
Project("{FAE04EC0-301F-11D3-BF4B-00C04F79EFBC}") = "CommentScraping", "CommentScraping\CommentScraping.csproj", "{C5715195-ABDC-495F-94D6-72F9FE824C0C}"
EndProject
Global
	GlobalSection(SolutionConfigurationPlatforms) = preSolution
		Debug|Any CPU = Debug|Any CPU
		Release|Any CPU = Release|Any CPU
	EndGlobalSection
	GlobalSection(ProjectConfigurationPlatforms) = postSolution
		{C5715195-ABDC-495F-94D6-72F9FE824C0C}.Debug|Any CPU.ActiveCfg = Debug|Any CPU
		{C5715195-ABDC-495F-94D6-72F9FE824C0C}.Debug|Any CPU.Build.0 = Debug|Any CPU
		{C5715195-ABDC-495F-94D6-72F9FE824C0C}.Release|Any CPU.ActiveCfg = Release|Any CPU
		{C5715195-ABDC-495F-94D6-72F9FE824C0C}.Release|Any CPU.Build.0 = Release|Any CPU
	EndGlobalSection
	GlobalSection(SolutionProperties) = preSolution
		HideSolutionNode = FALSE
	EndGlobalSection
	GlobalSection(ExtensibilityGlobals) = postSolution
		SolutionGuid = {A91F938C-6C52-4693-84C2-A9D79529B337}
	EndGlobalSection
EndGlobal
